{
  "name": "lodestar",
  "lockfileVersion": 3,
  "requires": true,
  "packages": {
    "": {
      "dependencies": {
        "@lodestar/state-transition": "^1.36.0"
      }
    },
    "node_modules/@chainsafe/as-sha256": {
      "version": "1.2.0",
      "resolved": "https://registry.npmjs.org/@chainsafe/as-sha256/-/as-sha256-1.2.0.tgz",
      "integrity": "sha512-H2BNHQ5C3RS+H0ZvOdovK6GjFAyq5T6LClad8ivwj9Oaiy28uvdsGVS7gNJKuZmg0FGHAI+n7F0Qju6U0QkKDA==",
      "license": "Apache-2.0"
    },
    "node_modules/@chainsafe/blst": {
      "version": "2.2.0",
      "resolved": "https://registry.npmjs.org/@chainsafe/blst/-/blst-2.2.0.tgz",
      "integrity": "sha512-VBaQoNE2a9d9+skAjQKv3Suk0yGKqp3mZM0YWYJNPj/Ae/f6lAyeVSgKqo2LrsNQBzD/LqrJLKUY8rJT3vDKLA==",
      "license": "Apache-2.0",
      "engines": {
        "node": ">= 16"
      },
      "optionalDependencies": {
        "@chainsafe/blst-darwin-arm64": "2.2.0",
        "@chainsafe/blst-darwin-x64": "2.2.0",
        "@chainsafe/blst-linux-arm64-gnu": "2.2.0",
        "@chainsafe/blst-linux-arm64-musl": "2.2.0",
        "@chainsafe/blst-linux-x64-gnu": "2.2.0",
        "@chainsafe/blst-linux-x64-musl": "2.2.0",
        "@chainsafe/blst-win32-x64-msvc": "2.2.0"
      }
    },
    "node_modules/@chainsafe/blst-darwin-arm64": {
      "version": "2.2.0",
      "resolved": "https://registry.npmjs.org/@chainsafe/blst-darwin-arm64/-/blst-darwin-arm64-2.2.0.tgz",
      "integrity": "sha512-BOOy2KHbV028cioPWaAMqHdLRKd6/3XyEmUEcQC2E/SpyYLdNcaKiBUYIU4pT9CrWBbJJxX68UI+3vZVg0M8/w==",
      "cpu": [
        "arm64"
      ],
      "license": "Apache-2.0",
      "optional": true,
      "os": [
        "darwin"
      ],
      "engines": {
        "node": ">= 16"
      }
    },
    "node_modules/@chainsafe/blst-darwin-x64": {
      "version": "2.2.0",
      "resolved": "https://registry.npmjs.org/@chainsafe/blst-darwin-x64/-/blst-darwin-x64-2.2.0.tgz",
      "integrity": "sha512-jG64cwIdPT7u/haRrW26tWCpfMfHBQCfGY169mFQifCwO4VEwvaiVBPOh5olFis6LjpcmD+O0jpM8GqrnsmUHQ==",
      "cpu": [
        "x64"
      ],
      "license": "Apache-2.0",
      "optional": true,
      "os": [
        "darwin"
      ],
      "engines": {
        "node": ">= 16"
      }
    },
    "node_modules/@chainsafe/blst-linux-arm64-gnu": {
      "version": "2.2.0",
      "resolved": "https://registry.npmjs.org/@chainsafe/blst-linux-arm64-gnu/-/blst-linux-arm64-gnu-2.2.0.tgz",
      "integrity": "sha512-L8xV2uuLn8we76vdzfryS9ePdheuZrmY6yArGUFaF1Uzcwml6V1/VvyPl9/uooo/YfVRIrvF/D+lQfI2GFAnhw==",
      "cpu": [
        "arm64"
      ],
      "license": "Apache-2.0",
      "optional": true,
      "os": [
        "linux"
      ],
      "engines": {
        "node": ">= 16"
      }
    },
    "node_modules/@chainsafe/blst-linux-arm64-musl": {
      "version": "2.2.0",
      "resolved": "https://registry.npmjs.org/@chainsafe/blst-linux-arm64-musl/-/blst-linux-arm64-musl-2.2.0.tgz",
      "integrity": "sha512-0Vn0luxLYVgC3lvWT1MapFHSAoz99PldqjhilXTGv0AcAk/X5LXPH2RC9Dp2KJGqthyUkpbk1j47jUBfBI+BIg==",
      "cpu": [
        "arm64"
      ],
      "license": "Apache-2.0",
      "optional": true,
      "os": [
        "linux"
      ],
      "engines": {
        "node": ">= 16"
      }
    },
    "node_modules/@chainsafe/blst-linux-x64-gnu": {
      "version": "2.2.0",
      "resolved": "https://registry.npmjs.org/@chainsafe/blst-linux-x64-gnu/-/blst-linux-x64-gnu-2.2.0.tgz",
      "integrity": "sha512-gEY/z2SDBA7kXtFEI9VNhWTJAIjx16jdeAyCaS2k4ACGurWZaWk+Ee4KniTsr4WieSqeuNTUr7Pdja0Sr4EKNQ==",
      "cpu": [
        "x64"
      ],
      "license": "Apache-2.0",
      "optional": true,
      "os": [
        "linux"
      ],
      "engines": {
        "node": ">= 16"
      }
    },
    "node_modules/@chainsafe/blst-linux-x64-musl": {
      "version": "2.2.0",
      "resolved": "https://registry.npmjs.org/@chainsafe/blst-linux-x64-musl/-/blst-linux-x64-musl-2.2.0.tgz",
      "integrity": "sha512-58GKtiUmtVSuerRzPEcMNQZpICPboBKFnL7+1Wo+PSuajkvbae7tEFrFTtWeMoKIPgOEsPMnk96LF+0yNgavUg==",
      "cpu": [
        "x64"
      ],
      "license": "Apache-2.0",
      "optional": true,
      "os": [
        "linux"
      ],
      "engines": {
        "node": ">= 16"
      }
    },
    "node_modules/@chainsafe/blst-win32-x64-msvc": {
      "version": "2.2.0",
      "resolved": "https://registry.npmjs.org/@chainsafe/blst-win32-x64-msvc/-/blst-win32-x64-msvc-2.2.0.tgz",
      "integrity": "sha512-UFrZshl4dfX5Uh2zeKXAZtrkQ+otczHMON2tsrapQNICWmfHZrzE6pKuBL+9QeGAbgflwpbz7+D5nQRDpiuHxQ==",
      "cpu": [
        "x64"
      ],
      "license": "Apache-2.0",
      "optional": true,
      "os": [
        "win32"
      ],
      "engines": {
        "node": ">= 16"
      }
    },
    "node_modules/@chainsafe/bun-ffi-z": {
      "version": "1.1.5",
      "resolved": "https://registry.npmjs.org/@chainsafe/bun-ffi-z/-/bun-ffi-z-1.1.5.tgz",
      "integrity": "sha512-nmiRudOInH2JQk32FEyOq/VeBftKuHxP44TYd345xCdZKv2j4ajecM6IZ9SzTQTNozFqt7gCsnWINJXYikfRzw==",
      "bin": {
        "bun-ffi-z": "src/cli.ts"
      },
      "engines": {
        "bun": "*"
      },
      "peerDependencies": {
        "typescript": "^5"
      }
    },
    "node_modules/@chainsafe/hashtree": {
      "version": "1.0.2",
      "resolved": "https://registry.npmjs.org/@chainsafe/hashtree/-/hashtree-1.0.2.tgz",
      "integrity": "sha512-OaWjsZ6S/GaT2RvaqdpsF5Mux8qQOE2KbitX2yHmQJZNUZkdh7C3N4PA5LsvewqX+z8Nkv8mr1uSe0LSrHGiQw==",
      "license": "MIT",
      "engines": {
        "node": ">= 18"
      },
      "optionalDependencies": {
        "@chainsafe/hashtree-darwin-arm64": "1.0.2",
        "@chainsafe/hashtree-linux-arm64-gnu": "1.0.2",
        "@chainsafe/hashtree-linux-arm64-musl": "1.0.2",
        "@chainsafe/hashtree-linux-x64-gnu": "1.0.2",
        "@chainsafe/hashtree-linux-x64-musl": "1.0.2",
        "@chainsafe/hashtree-win32-x64-msvc": "1.0.2"
      }
    },
    "node_modules/@chainsafe/hashtree-darwin-arm64": {
      "version": "1.0.2",
      "resolved": "https://registry.npmjs.org/@chainsafe/hashtree-darwin-arm64/-/hashtree-darwin-arm64-1.0.2.tgz",
      "integrity": "sha512-yIIwn9SUR5ZTl2vN1QqRtDFL/w2xYW4o68A1k8UexMbieGAnE7Ab7NvtCZRHRe8x0eONO46F/bWn5bxxyYlFXw==",
      "cpu": [
        "arm64"
      ],
      "license": "MIT",
      "optional": true,
      "os": [
        "darwin"
      ],
      "engines": {
        "node": ">= 18"
      }
    },
    "node_modules/@chainsafe/hashtree-linux-arm64-gnu": {
      "version": "1.0.2",
      "resolved": "https://registry.npmjs.org/@chainsafe/hashtree-linux-arm64-gnu/-/hashtree-linux-arm64-gnu-1.0.2.tgz",
      "integrity": "sha512-MDz1xBRTRHw2eezGqx1Ff8NoeUUQP3bhbeeVG8ZZTkFYqvRc8O65OQOTtgO+fFGvqnDjVBSRHmiTXU5eNeH/mQ==",
      "cpu": [
        "arm64"
      ],
      "license": "MIT",
      "optional": true,
      "os": [
        "linux"
      ],
      "engines": {
        "node": ">= 18"
      }
    },
    "node_modules/@chainsafe/hashtree-linux-arm64-musl": {
      "version": "1.0.2",
      "resolved": "https://registry.npmjs.org/@chainsafe/hashtree-linux-arm64-musl/-/hashtree-linux-arm64-musl-1.0.2.tgz",
      "integrity": "sha512-BUy+/9brJwAFAtraro4y/1F+aP/8j/7HrnYdde8PTu7jHWAClI9xZygadaJbk0GoWxyCOUAJKUs8KHVnYxJDeg==",
      "cpu": [
        "arm64"
      ],
      "license": "MIT",
      "optional": true,
      "os": [
        "linux"
      ],
      "engines": {
        "node": ">= 18"
      }
    },
    "node_modules/@chainsafe/hashtree-linux-x64-gnu": {
      "version": "1.0.2",
      "resolved": "https://registry.npmjs.org/@chainsafe/hashtree-linux-x64-gnu/-/hashtree-linux-x64-gnu-1.0.2.tgz",
      "integrity": "sha512-bFy9ffFG77SivmeOjOlZmOCrxzQ/WqUESy0I+dW6IX7wquTXHldJKWvohs9+FEn3TSXgeigFmEATz5tfxBfIZw==",
      "cpu": [
        "x64"
      ],
      "license": "MIT",
      "optional": true,
      "os": [
        "linux"
      ],
      "engines": {
        "node": ">= 18"
      }
    },
    "node_modules/@chainsafe/hashtree-linux-x64-musl": {
      "version": "1.0.2",
      "resolved": "https://registry.npmjs.org/@chainsafe/hashtree-linux-x64-musl/-/hashtree-linux-x64-musl-1.0.2.tgz",
      "integrity": "sha512-mbJB3C0RjwpqOMPZIUQm3IBH6d3sYiKDXMU6ORt5nuk7Ix2I80xxffAciDO1d7kKNnW6HStOj5s/rGhIDxK1ug==",
      "cpu": [
        "x64"
      ],
      "license": "MIT",
      "optional": true,
      "os": [
        "linux"
      ],
      "engines": {
        "node": ">= 18"
      }
    },
    "node_modules/@chainsafe/hashtree-win32-x64-msvc": {
      "version": "1.0.2",
      "resolved": "https://registry.npmjs.org/@chainsafe/hashtree-win32-x64-msvc/-/hashtree-win32-x64-msvc-1.0.2.tgz",
      "integrity": "sha512-wXFhGqaydgadefQbjSTGqZY1R1MBhnJj+gbJhULNRUXco5pHsXfOk3QhCDAefp1PPW+wQwfT4clEnQCqJIf58w==",
      "cpu": [
        "x64"
      ],
      "license": "MIT",
      "optional": true,
      "os": [
        "win32"
      ],
      "engines": {
        "node": ">= 18"
      }
    },
    "node_modules/@chainsafe/persistent-merkle-tree": {
      "version": "1.2.1",
      "resolved": "https://registry.npmjs.org/@chainsafe/persistent-merkle-tree/-/persistent-merkle-tree-1.2.1.tgz",
      "integrity": "sha512-AOSEVLfaqwb9eTCKuY1ri0DrRxVQ3Rh+we1VBj1GahUGfEdE8OC3Vkbca7Up6RoI9Ip9FLnI31Y7AjKH9ZqAGA==",
      "license": "Apache-2.0",
      "dependencies": {
        "@chainsafe/as-sha256": "1.2.0",
        "@chainsafe/hashtree": "1.0.2",
        "@noble/hashes": "^1.3.0"
      }
    },
    "node_modules/@chainsafe/persistent-ts": {
      "version": "1.0.1",
      "resolved": "https://registry.npmjs.org/@chainsafe/persistent-ts/-/persistent-ts-1.0.1.tgz",
      "integrity": "sha512-VkPaBD3GxS5vpLkZWfStDL39jG1IPLhy5c3d3FtgwyfGvEthnQJeyUMinGFRoAfAW0yVkf7ggrEzyvhXFLIU0A==",
      "license": "MIT"
    },
    "node_modules/@chainsafe/pubkey-index-map": {
      "version": "3.0.0",
      "resolved": "https://registry.npmjs.org/@chainsafe/pubkey-index-map/-/pubkey-index-map-3.0.0.tgz",
      "integrity": "sha512-KvWmKOG8WiVePHQDGyz+xo+RpsrmPEeipF8boqmXNYCLOGyVpkEXQk0IDVpnxngZziY6d97F9sml2vliDoyYyQ==",
      "license": "MIT",
      "engines": {
        "node": ">= 10"
      },
      "optionalDependencies": {
        "@chainsafe/pubkey-index-map-darwin-arm64": "3.0.0",
        "@chainsafe/pubkey-index-map-darwin-x64": "3.0.0",
        "@chainsafe/pubkey-index-map-linux-arm64-gnu": "3.0.0",
        "@chainsafe/pubkey-index-map-linux-arm64-musl": "3.0.0",
        "@chainsafe/pubkey-index-map-linux-x64-gnu": "3.0.0",
        "@chainsafe/pubkey-index-map-linux-x64-musl": "3.0.0",
        "@chainsafe/pubkey-index-map-win32-arm64-msvc": "3.0.0",
        "@chainsafe/pubkey-index-map-win32-x64-msvc": "3.0.0"
      }
    },
    "node_modules/@chainsafe/pubkey-index-map-darwin-arm64": {
      "version": "3.0.0",
      "resolved": "https://registry.npmjs.org/@chainsafe/pubkey-index-map-darwin-arm64/-/pubkey-index-map-darwin-arm64-3.0.0.tgz",
      "integrity": "sha512-gM/wwA6bpfeZm80aSoH2c3ddbPeZho73TUUprUFlHQNLldGzZ293yFQgj2Ontp1fMf9AI0w+F0uEN2qC6v7g9A==",
      "cpu": [
        "arm64"
      ],
      "license": "MIT",
      "optional": true,
      "os": [
        "darwin"
      ],
      "engines": {
        "node": ">= 10"
      }
    },
    "node_modules/@chainsafe/pubkey-index-map-darwin-x64": {
      "version": "3.0.0",
      "resolved": "https://registry.npmjs.org/@chainsafe/pubkey-index-map-darwin-x64/-/pubkey-index-map-darwin-x64-3.0.0.tgz",
      "integrity": "sha512-zy4dH//kLXfQHHFVp1Pcz4HQgSh/uUKWt219hlrb5Fi+xVESVmTnLPjHmL1KtGs/R5W0XcuBrTuBHiq+zMU7lQ==",
      "cpu": [
        "x64"
      ],
      "license": "MIT",
      "optional": true,
      "os": [
        "darwin"
      ],
      "engines": {
        "node": ">= 10"
      }
    },
    "node_modules/@chainsafe/pubkey-index-map-linux-arm64-gnu": {
      "version": "3.0.0",
      "resolved": "https://registry.npmjs.org/@chainsafe/pubkey-index-map-linux-arm64-gnu/-/pubkey-index-map-linux-arm64-gnu-3.0.0.tgz",
      "integrity": "sha512-M/HODHZcKDuoRFlx+Ka4NgyFSQvOECyIg/2pCQcgfCozR7rRx7VuOJ0ZSgU+BEhuY+fpaRSTesOlDIIY0ornWQ==",
      "cpu": [
        "arm64"
      ],
      "license": "MIT",
      "optional": true,
      "os": [
        "linux"
      ],
      "engines": {
        "node": ">= 10"
      }
    },
    "node_modules/@chainsafe/pubkey-index-map-linux-arm64-musl": {
      "version": "3.0.0",
      "resolved": "https://registry.npmjs.org/@chainsafe/pubkey-index-map-linux-arm64-musl/-/pubkey-index-map-linux-arm64-musl-3.0.0.tgz",
      "integrity": "sha512-Sdm15mFsKiz5ndFfhcTjEl4i8TK0+gM1SEmYzmGUgnflrcvPc+US3qsMKyCqorDkHqYAYFFutQXz9QxjOMkIwg==",
      "cpu": [
        "arm64"
      ],
      "license": "MIT",
      "optional": true,
      "os": [
        "linux"
      ],
      "engines": {
        "node": ">= 10"
      }
    },
    "node_modules/@chainsafe/pubkey-index-map-linux-x64-gnu": {
      "version": "3.0.0",
      "resolved": "https://registry.npmjs.org/@chainsafe/pubkey-index-map-linux-x64-gnu/-/pubkey-index-map-linux-x64-gnu-3.0.0.tgz",
      "integrity": "sha512-+4h995h2xEBmYdr9Tw05uYvFmMSELyaJagJ2KsFohkRjqiUyB76l8zR8aUKx7lwLXXHxWjHMYyWKHF3tTKRFNQ==",
      "cpu": [
        "x64"
      ],
      "license": "MIT",
      "optional": true,
      "os": [
        "linux"
      ],
      "engines": {
        "node": ">= 10"
      }
    },
    "node_modules/@chainsafe/pubkey-index-map-linux-x64-musl": {
      "version": "3.0.0",
      "resolved": "https://registry.npmjs.org/@chainsafe/pubkey-index-map-linux-x64-musl/-/pubkey-index-map-linux-x64-musl-3.0.0.tgz",
      "integrity": "sha512-qwFuygeutP4o9J/8ylD+ZrqkqeyytMl9E38ucIWpbiPYXDiJxpRN148v4Ah+NWwz6PqCROVyTxEyZklzy0AxUA==",
      "cpu": [
        "x64"
      ],
      "license": "MIT",
      "optional": true,
      "os": [
        "linux"
      ],
      "engines": {
        "node": ">= 10"
      }
    },
    "node_modules/@chainsafe/pubkey-index-map-win32-arm64-msvc": {
      "version": "3.0.0",
      "resolved": "https://registry.npmjs.org/@chainsafe/pubkey-index-map-win32-arm64-msvc/-/pubkey-index-map-win32-arm64-msvc-3.0.0.tgz",
      "integrity": "sha512-2t01rQAdiM5KPM7XLsZDtMhWAXz/YKY20H1N4jvaWURjaLm+S0j9X/Mt0xOjJ5SC++1g64LXjV+wnXO5j1S8Nw==",
      "cpu": [
        "arm64"
      ],
      "license": "MIT",
      "optional": true,
      "os": [
        "win32"
      ],
      "engines": {
        "node": ">= 10"
      }
    },
    "node_modules/@chainsafe/pubkey-index-map-win32-x64-msvc": {
      "version": "3.0.0",
      "resolved": "https://registry.npmjs.org/@chainsafe/pubkey-index-map-win32-x64-msvc/-/pubkey-index-map-win32-x64-msvc-3.0.0.tgz",
      "integrity": "sha512-QemArQbgsLJ4eaM9S0Kdr3ucJUpZXTDfh3wTNp9eh7G3o1Y9O2Hp7G7BlEkF0cWU9ZsWe9YSzmeX24Uo5DNo4g==",
      "cpu": [
        "x64"
      ],
      "license": "MIT",
      "optional": true,
      "os": [
        "win32"
      ],
      "engines": {
        "node": ">= 10"
      }
    },
    "node_modules/@chainsafe/ssz": {
      "version": "1.2.2",
      "resolved": "https://registry.npmjs.org/@chainsafe/ssz/-/ssz-1.2.2.tgz",
      "integrity": "sha512-kIA3fJO6h2RsQndsNBlCSQYB4xfdZGMQvNPKPgbiB0mysV6okuxeJU3Nyl16xDCKv3tqej76eGYHcyjMVt7V1w==",
      "license": "Apache-2.0",
      "dependencies": {
        "@chainsafe/as-sha256": "1.2.0",
        "@chainsafe/persistent-merkle-tree": "1.2.1"
      }
    },
    "node_modules/@chainsafe/swap-or-not-shuffle": {
      "version": "1.2.1",
      "resolved": "https://registry.npmjs.org/@chainsafe/swap-or-not-shuffle/-/swap-or-not-shuffle-1.2.1.tgz",
      "integrity": "sha512-H8YdEoXXv2Hw17gDWGOJEya4LHlBbpChJP3jDQRfIk9hhwr0c/zbBemBRmjADowZhArL+ymkO+j5hGaYySjdpw==",
      "license": "MIT",
      "engines": {
        "node": ">= 18"
      },
      "optionalDependencies": {
        "@chainsafe/swap-or-not-shuffle-darwin-arm64": "1.2.1",
        "@chainsafe/swap-or-not-shuffle-darwin-x64": "1.2.1",
        "@chainsafe/swap-or-not-shuffle-linux-arm64-gnu": "1.2.1",
        "@chainsafe/swap-or-not-shuffle-linux-arm64-musl": "1.2.1",
        "@chainsafe/swap-or-not-shuffle-linux-x64-gnu": "1.2.1",
        "@chainsafe/swap-or-not-shuffle-linux-x64-musl": "1.2.1",
        "@chainsafe/swap-or-not-shuffle-win32-arm64-msvc": "1.2.1",
        "@chainsafe/swap-or-not-shuffle-win32-x64-msvc": "1.2.1"
      }
    },
    "node_modules/@chainsafe/swap-or-not-shuffle-darwin-arm64": {
      "version": "1.2.1",
      "resolved": "https://registry.npmjs.org/@chainsafe/swap-or-not-shuffle-darwin-arm64/-/swap-or-not-shuffle-darwin-arm64-1.2.1.tgz",
      "integrity": "sha512-kTewLZe1KqMAJ1gHfagOxo0BI4kTcMOAkGJ7pRLFM5ZkL2P7sh3/4ixnjdbtMkO207vMZEZL3fxJSSs14kg9Kg==",
      "cpu": [
        "arm64"
      ],
      "license": "MIT",
      "optional": true,
      "os": [
        "darwin"
      ],
      "engines": {
        "node": ">= 18"
      }
    },
    "node_modules/@chainsafe/swap-or-not-shuffle-darwin-x64": {
      "version": "1.2.1",
      "resolved": "https://registry.npmjs.org/@chainsafe/swap-or-not-shuffle-darwin-x64/-/swap-or-not-shuffle-darwin-x64-1.2.1.tgz",
      "integrity": "sha512-B/f/peQqOLW5Tqib5CqanAlQgoeib75FNszzHwRBwHdRY5ThOcBbARvOtef39zU5lYjj4j3iWobpD7G70kQyUw==",
      "cpu": [
        "x64"
      ],
      "license": "MIT",
      "optional": true,
      "os": [
        "darwin"
      ],
      "engines": {
        "node": ">= 18"
      }
    },
    "node_modules/@chainsafe/swap-or-not-shuffle-linux-arm64-gnu": {
      "version": "1.2.1",
      "resolved": "https://registry.npmjs.org/@chainsafe/swap-or-not-shuffle-linux-arm64-gnu/-/swap-or-not-shuffle-linux-arm64-gnu-1.2.1.tgz",
      "integrity": "sha512-sDpuUuo3rStvHMQgLxH1UkkUbo8rcjDI70Fq3xzbNMhfjlrP0+sJistlFJtDpWmKsFk/sgje3PzVU9G3KFXzXA==",
      "cpu": [
        "arm64"
      ],
      "license": "MIT",
      "optional": true,
      "os": [
        "linux"
      ],
      "engines": {
        "node": ">= 18"
      }
    },
    "node_modules/@chainsafe/swap-or-not-shuffle-linux-arm64-musl": {
      "version": "1.2.1",
      "resolved": "https://registry.npmjs.org/@chainsafe/swap-or-not-shuffle-linux-arm64-musl/-/swap-or-not-shuffle-linux-arm64-musl-1.2.1.tgz",
      "integrity": "sha512-FFmpDF2dRhhOCT3WBYOoQW9wqhJMfx7iULskBe5cjowVQ15U1TQJ6tC+hPpouUMt3/pKz9tIS9dNWTUuo7kpQg==",
      "cpu": [
        "arm64"
      ],
      "license": "MIT",
      "optional": true,
      "os": [
        "linux"
      ],
      "engines": {
        "node": ">= 18"
      }
    },
    "node_modules/@chainsafe/swap-or-not-shuffle-linux-x64-gnu": {
      "version": "1.2.1",
      "resolved": "https://registry.npmjs.org/@chainsafe/swap-or-not-shuffle-linux-x64-gnu/-/swap-or-not-shuffle-linux-x64-gnu-1.2.1.tgz",
      "integrity": "sha512-nGXEnFCqRmCS7ATV7QQ7b7aKHcyET9XEpJylq0sljnkuNRwoQXFUYPMYTn4TMI6g3vgZt/AVK9RdCxp68JKwGQ==",
      "cpu": [
        "x64"
      ],
      "license": "MIT",
      "optional": true,
      "os": [
        "linux"
      ],
      "engines": {
        "node": ">= 18"
      }
    },
    "node_modules/@chainsafe/swap-or-not-shuffle-linux-x64-musl": {
      "version": "1.2.1",
      "resolved": "https://registry.npmjs.org/@chainsafe/swap-or-not-shuffle-linux-x64-musl/-/swap-or-not-shuffle-linux-x64-musl-1.2.1.tgz",
      "integrity": "sha512-VMQxE/EZjco4damGrJkkCQ2Y2WYgJcTR/ardTnSctM1/xxwUD1wQr7YW2TQsECfK3UZcW2W6gG7iqWfJgMdGSw==",
      "cpu": [
        "x64"
      ],
      "license": "MIT",
      "optional": true,
      "os": [
        "linux"
      ],
      "engines": {
        "node": ">= 18"
      }
    },
    "node_modules/@chainsafe/swap-or-not-shuffle-win32-arm64-msvc": {
      "version": "1.2.1",
      "resolved": "https://registry.npmjs.org/@chainsafe/swap-or-not-shuffle-win32-arm64-msvc/-/swap-or-not-shuffle-win32-arm64-msvc-1.2.1.tgz",
      "integrity": "sha512-qV+ps6KSoR8blc3gMse1BOBUGcCtptnMYoqTMwFCIx9LGaeSo3vKu5XBQDwHIfAW73bZ+PHb5YUqkRgtWBiEUw==",
      "cpu": [
        "arm64"
      ],
      "license": "MIT",
      "optional": true,
      "os": [
        "win32"
      ],
      "engines": {
        "node": ">= 18"
      }
    },
    "node_modules/@chainsafe/swap-or-not-shuffle-win32-x64-msvc": {
      "version": "1.2.1",
      "resolved": "https://registry.npmjs.org/@chainsafe/swap-or-not-shuffle-win32-x64-msvc/-/swap-or-not-shuffle-win32-x64-msvc-1.2.1.tgz",
      "integrity": "sha512-hsDN4O6PPpF4rEA1tMngMJAOrWTGAu8TAqdEwgdP+U25o8UVlz8W2N9697AMGRnnArN2BgYS0zCeUR9kuZ2XEQ==",
      "cpu": [
        "x64"
      ],
      "license": "MIT",
      "optional": true,
      "os": [
        "win32"
      ],
      "engines": {
        "node": ">= 18"
      }
    },
    "node_modules/@lodestar/bun": {
      "version": "0.1.0",
      "resolved": "git+ssh://git@github.com/ChainSafe/lodestar-bun.git#ac3bd660c0f2eeabe11f4f564ecc910826260f88",
      "license": "MIT",
      "dependencies": {
        "@chainsafe/bun-ffi-z": "^1.1.5"
      },
      "peerDependencies": {
        "typescript": "^5"
      }
    },
    "node_modules/@lodestar/config": {
      "version": "1.36.0",
      "resolved": "https://registry.npmjs.org/@lodestar/config/-/config-1.36.0.tgz",
      "integrity": "sha512-9Nj3u+poqBo6c1loW311SYfL42oCNW0zrJW3NM9NaW2cXtPPSJGtJmu2BJoBPDH8jQGB/T6jyLKnT8e9s/8zZg==",
      "license": "Apache-2.0",
      "dependencies": {
        "@chainsafe/ssz": "^1.2.2",
        "@lodestar/params": "^1.36.0",
        "@lodestar/types": "^1.36.0",
        "@lodestar/utils": "^1.36.0"
      }
    },
    "node_modules/@lodestar/params": {
      "version": "1.36.0",
      "resolved": "https://registry.npmjs.org/@lodestar/params/-/params-1.36.0.tgz",
      "integrity": "sha512-YsG2H2//Juk6j4quBG18IS/RH43Duc6HOTduKiP7yivjwnsjk1pANppHkZJNPCGR3vNVAFTaC/10rdnUZPYOLQ==",
      "license": "Apache-2.0"
    },
    "node_modules/@lodestar/state-transition": {
      "version": "1.36.0",
      "resolved": "https://registry.npmjs.org/@lodestar/state-transition/-/state-transition-1.36.0.tgz",
      "integrity": "sha512-5q2dIysR6BVVXOfG18vsme6z2/2hnBAxTuwlS5yb4PAK4Ak+spi7GI6opUN6M2sHTLn3uPAyjXGetMmKfnURMw==",
      "license": "Apache-2.0",
      "dependencies": {
        "@chainsafe/as-sha256": "^1.2.0",
        "@chainsafe/blst": "^2.2.0",
        "@chainsafe/persistent-merkle-tree": "^1.2.1",
        "@chainsafe/persistent-ts": "^1.0.0",
        "@chainsafe/pubkey-index-map": "^3.0.0",
        "@chainsafe/ssz": "^1.2.2",
        "@chainsafe/swap-or-not-shuffle": "^1.2.1",
        "@lodestar/config": "^1.36.0",
        "@lodestar/params": "^1.36.0",
        "@lodestar/types": "^1.36.0",
        "@lodestar/utils": "^1.36.0",
        "bigint-buffer": "^1.1.5"
      }
    },
    "node_modules/@lodestar/types": {
      "version": "1.36.0",
      "resolved": "https://registry.npmjs.org/@lodestar/types/-/types-1.36.0.tgz",
      "integrity": "sha512-0t1SEvVqnQQilNYdHF+ddarL2k5BzINNdYf5kK4YyFFxcJ9RXKhc6NTD+/NPYD1gm8SDVLZq7JqWC66cMXIv8g==",
      "license": "Apache-2.0",
      "dependencies": {
        "@chainsafe/ssz": "^1.2.2",
        "@lodestar/params": "^1.36.0",
        "ethereum-cryptography": "^2.0.0"
      }
    },
    "node_modules/@lodestar/utils": {
      "version": "1.36.0",
      "resolved": "https://registry.npmjs.org/@lodestar/utils/-/utils-1.36.0.tgz",
      "integrity": "sha512-6sBMgw6VJ4g8B+i8NJFA7g/wK+TqxIzD2sl7w1Ac9P8X5OBIhWU/Wa4N2yhMfR8FCthiKm5cKb4kuHOE2MQyhQ==",
      "license": "Apache-2.0",
      "dependencies": {
        "@chainsafe/as-sha256": "^1.2.0",
        "@lodestar/bun": "git+https://github.com/ChainSafe/lodestar-bun.git",
        "any-signal": "^4.1.1",
        "bigint-buffer": "^1.1.5",
        "case": "^1.6.3",
        "js-yaml": "^4.1.0"
      }
    },
    "node_modules/@noble/curves": {
      "version": "1.4.2",
      "resolved": "https://registry.npmjs.org/@noble/curves/-/curves-1.4.2.tgz",
      "integrity": "sha512-TavHr8qycMChk8UwMld0ZDRvatedkzWfH8IiaeGCfymOP5i0hSCozz9vHOL0nkwk7HRMlFnAiKpS2jrUmSybcw==",
      "license": "MIT",
      "dependencies": {
        "@noble/hashes": "1.4.0"
      },
      "funding": {
        "url": "https://paulmillr.com/funding/"
      }
    },
    "node_modules/@noble/curves/node_modules/@noble/hashes": {
      "version": "1.4.0",
      "resolved": "https://registry.npmjs.org/@noble/hashes/-/hashes-1.4.0.tgz",
      "integrity": "sha512-V1JJ1WTRUqHHrOSh597hURcMqVKVGL/ea3kv0gSnEdsEZ0/+VyPghM1lMNGc00z7CIQorSvbKpuJkxvuHbvdbg==",
      "license": "MIT",
      "engines": {
        "node": ">= 16"
      },
      "funding": {
        "url": "https://paulmillr.com/funding/"
      }
    },
    "node_modules/@noble/hashes": {
      "version": "1.8.0",
      "resolved": "https://registry.npmjs.org/@noble/hashes/-/hashes-1.8.0.tgz",
      "integrity": "sha512-jCs9ldd7NwzpgXDIf6P3+NrHh9/sD6CQdxHyjQI+h/6rDNo88ypBxxz45UDuZHz9r3tNz7N/VInSVoVdtXEI4A==",
      "license": "MIT",
      "engines": {
        "node": "^14.21.3 || >=16"
      },
      "funding": {
        "url": "https://paulmillr.com/funding/"
      }
    },
    "node_modules/@scure/base": {
      "version": "1.1.9",
      "resolved": "https://registry.npmjs.org/@scure/base/-/base-1.1.9.tgz",
      "integrity": "sha512-8YKhl8GHiNI/pU2VMaofa2Tor7PJRAjwQLBBuilkJ9L5+13yVbC7JO/wS7piioAvPSwR3JKM1IJ/u4xQzbcXKg==",
      "license": "MIT",
      "funding": {
        "url": "https://paulmillr.com/funding/"
      }
    },
    "node_modules/@scure/bip32": {
      "version": "1.4.0",
      "resolved": "https://registry.npmjs.org/@scure/bip32/-/bip32-1.4.0.tgz",
      "integrity": "sha512-sVUpc0Vq3tXCkDGYVWGIZTRfnvu8LoTDaev7vbwh0omSvVORONr960MQWdKqJDCReIEmTj3PAr73O3aoxz7OPg==",
      "license": "MIT",
      "dependencies": {
        "@noble/curves": "~1.4.0",
        "@noble/hashes": "~1.4.0",
        "@scure/base": "~1.1.6"
      },
      "funding": {
        "url": "https://paulmillr.com/funding/"
      }
    },
    "node_modules/@scure/bip32/node_modules/@noble/hashes": {
      "version": "1.4.0",
      "resolved": "https://registry.npmjs.org/@noble/hashes/-/hashes-1.4.0.tgz",
      "integrity": "sha512-V1JJ1WTRUqHHrOSh597hURcMqVKVGL/ea3kv0gSnEdsEZ0/+VyPghM1lMNGc00z7CIQorSvbKpuJkxvuHbvdbg==",
      "license": "MIT",
      "engines": {
        "node": ">= 16"
      },
      "funding": {
        "url": "https://paulmillr.com/funding/"
      }
    },
    "node_modules/@scure/bip39": {
      "version": "1.3.0",
      "resolved": "https://registry.npmjs.org/@scure/bip39/-/bip39-1.3.0.tgz",
      "integrity": "sha512-disdg7gHuTDZtY+ZdkmLpPCk7fxZSu3gBiEGuoC1XYxv9cGx3Z6cpTggCgW6odSOOIXCiDjuGejW+aJKCY/pIQ==",
      "license": "MIT",
      "dependencies": {
        "@noble/hashes": "~1.4.0",
        "@scure/base": "~1.1.6"
      },
      "funding": {
        "url": "https://paulmillr.com/funding/"
      }
    },
    "node_modules/@scure/bip39/node_modules/@noble/hashes": {
      "version": "1.4.0",
      "resolved": "https://registry.npmjs.org/@noble/hashes/-/hashes-1.4.0.tgz",
      "integrity": "sha512-V1JJ1WTRUqHHrOSh597hURcMqVKVGL/ea3kv0gSnEdsEZ0/+VyPghM1lMNGc00z7CIQorSvbKpuJkxvuHbvdbg==",
      "license": "MIT",
      "engines": {
        "node": ">= 16"
      },
      "funding": {
        "url": "https://paulmillr.com/funding/"
      }
    },
    "node_modules/any-signal": {
      "version": "4.1.1",
      "resolved": "https://registry.npmjs.org/any-signal/-/any-signal-4.1.1.tgz",
      "integrity": "sha512-iADenERppdC+A2YKbOXXB2WUeABLaM6qnpZ70kZbPZ1cZMMJ7eF+3CaYm+/PhBizgkzlvssC7QuHS30oOiQYWA==",
      "license": "Apache-2.0 OR MIT",
      "engines": {
        "node": ">=16.0.0",
        "npm": ">=7.0.0"
      }
    },
    "node_modules/argparse": {
      "version": "2.0.1",
      "resolved": "https://registry.npmjs.org/argparse/-/argparse-2.0.1.tgz",
      "integrity": "sha512-8+9WqebbFzpX9OR+Wa6O29asIogeRMzcGtAINdpMHHyAg10f05aSFVBbcEqGf/PXw1EjAZ+q2/bEBg3DvurK3Q==",
      "license": "Python-2.0"
    },
    "node_modules/bigint-buffer": {
      "version": "1.1.5",
      "resolved": "https://registry.npmjs.org/bigint-buffer/-/bigint-buffer-1.1.5.tgz",
      "integrity": "sha512-trfYco6AoZ+rKhKnxA0hgX0HAbVP/s808/EuDSe2JDzUnCp/xAsli35Orvk67UrTEcwuxZqYZDmfA2RXJgxVvA==",
      "hasInstallScript": true,
      "license": "Apache-2.0",
      "dependencies": {
        "bindings": "^1.3.0"
      },
      "engines": {
        "node": ">= 10.0.0"
      }
    },
    "node_modules/bindings": {
      "version": "1.5.0",
      "resolved": "https://registry.npmjs.org/bindings/-/bindings-1.5.0.tgz",
      "integrity": "sha512-p2q/t/mhvuOj/UeLlV6566GD/guowlr0hHxClI0W9m7MWYkL1F0hLo+0Aexs9HSPCtR1SXQ0TD3MMKrXZajbiQ==",
      "license": "MIT",
      "dependencies": {
        "file-uri-to-path": "1.0.0"
      }
    },
    "node_modules/case": {
      "version": "1.6.3",
      "resolved": "https://registry.npmjs.org/case/-/case-1.6.3.tgz",
      "integrity": "sha512-mzDSXIPaFwVDvZAHqZ9VlbyF4yyXRuX6IvB06WvPYkqJVO24kX1PPhv9bfpKNFZyxYFmmgo03HUiD8iklmJYRQ==",
      "license": "(MIT OR GPL-3.0-or-later)",
      "engines": {
        "node": ">= 0.8.0"
      }
    },
    "node_modules/ethereum-cryptography": {
      "version": "2.2.1",
      "resolved": "https://registry.npmjs.org/ethereum-cryptography/-/ethereum-cryptography-2.2.1.tgz",
      "integrity": "sha512-r/W8lkHSiTLxUxW8Rf3u4HGB0xQweG2RyETjywylKZSzLWoWAijRz8WCuOtJ6wah+avllXBqZuk29HCCvhEIRg==",
      "license": "MIT",
      "dependencies": {
        "@noble/curves": "1.4.2",
        "@noble/hashes": "1.4.0",
        "@scure/bip32": "1.4.0",
        "@scure/bip39": "1.3.0"
      }
    },
    "node_modules/ethereum-cryptography/node_modules/@noble/hashes": {
      "version": "1.4.0",
      "resolved": "https://registry.npmjs.org/@noble/hashes/-/hashes-1.4.0.tgz",
      "integrity": "sha512-V1JJ1WTRUqHHrOSh597hURcMqVKVGL/ea3kv0gSnEdsEZ0/+VyPghM1lMNGc00z7CIQorSvbKpuJkxvuHbvdbg==",
      "license": "MIT",
      "engines": {
        "node": ">= 16"
      },
      "funding": {
        "url": "https://paulmillr.com/funding/"
      }
    },
    "node_modules/file-uri-to-path": {
      "version": "1.0.0",
      "resolved": "https://registry.npmjs.org/file-uri-to-path/-/file-uri-to-path-1.0.0.tgz",
      "integrity": "sha512-0Zt+s3L7Vf1biwWZ29aARiVYLx7iMGnEUl9x33fbB/j3jR81u/O2LbqK+Bm1CDSNDKVtJ/YjwY7TUd5SkeLQLw==",
      "license": "MIT"
    },
    "node_modules/js-yaml": {
      "version": "4.1.1",
      "resolved": "https://registry.npmjs.org/js-yaml/-/js-yaml-4.1.1.tgz",
      "integrity": "sha512-qQKT4zQxXl8lLwBtHMWwaTcGfFOZviOJet3Oy/xmGk2gZH677CJM9EvtfdSkgWcATZhj/55JZ0rmy3myCT5lsA==",
      "license": "MIT",
      "dependencies": {
        "argparse": "^2.0.1"
      },
      "bin": {
        "js-yaml": "bin/js-yaml.js"
      }
    },
    "node_modules/typescript": {
      "version": "5.9.3",
      "resolved": "https://registry.npmjs.org/typescript/-/typescript-5.9.3.tgz",
      "integrity": "sha512-jl1vZzPDinLr9eUt3J/t7V6FgNEw9QjvBPdysz9KfQDD41fQrC2Y4vKQdiaUpFT4bXlb1RHhLpp8wtm6M5TgSw==",
      "license": "Apache-2.0",
      "peer": true,
      "bin": {
        "tsc": "bin/tsc",
        "tsserver": "bin/tsserver"
      },
      "engines": {
        "node": ">=14.17"
      }
    }
  }
}
